<?xml version="1.0" encoding="utf-8"?>
<Project ToolsVersion="4.0" xmlns="http://schemas.microsoft.com/developer/msbuild/2003">
  <ItemGroup>
    <Filter Include="소스 파일">
      <UniqueIdentifier>{4FC737F1-C7A5-4376-A066-2A32D752A2FF}</UniqueIdentifier>
      <Extensions>cpp;c;cc;cxx;c++;cppm;ixx;def;odl;idl;hpj;bat;asm;asmx</Extensions>
    </Filter>
    <Filter Include="헤더 파일">
      <UniqueIdentifier>{93995380-89BD-4b04-88EB-625FBE52EBFB}</UniqueIdentifier>
      <Extensions>h;hh;hpp;hxx;h++;hm;inl;inc;ipp;xsd</Extensions>
    </Filter>
    <Filter Include="리소스 파일">
      <UniqueIdentifier>{67DA6AB6-F800-4c08-8B7A-83BB121AAD01}</UniqueIdentifier>
      <Extensions>rc;ico;cur;bmp;dlg;rc2;rct;bin;rgs;gif;jpg;jpeg;jpe;resx;tiff;tif;png;wav;mfcribbon-ms</Extensions>
    </Filter>
  </ItemGroup>
  <ItemGroup>
    <ClCompile Include="source\main.cpp">
      <Filter>소스 파일</Filter>
    </ClCompile>
    <ClCompile Include="source\driver\communication.cpp">
      <Filter>소스 파일</Filter>
    </ClCompile>
    <ClCompile Include="source\framework.h">
      <Filter>소스 파일</Filter>
    </ClCompile>
    <ClCompile Include="source\SDK\Classes\instance.cpp">
      <Filter>소스 파일</Filter>
    </ClCompile>
    <ClCompile Include="source\SDK\Classes\DataModel\DataModel.cpp">
      <Filter>소스 파일</Filter>
    </ClCompile>
    <ClCompile Include="vender\ImGui\imgui.cpp">
      <Filter>소스 파일</Filter>
    </ClCompile>
    <ClCompile Include="vender\ImGui\imgui_demo.cpp">
      <Filter>소스 파일</Filter>
    </ClCompile>
    <ClCompile Include="vender\ImGui\imgui_draw.cpp">
      <Filter>소스 파일</Filter>
    </ClCompile>
    <ClCompile Include="vender\ImGui\imgui_impl_dx11.cpp">
      <Filter>소스 파일</Filter>
    </ClCompile>
    <ClCompile Include="vender\ImGui\imgui_impl_win32.cpp">
      <Filter>소스 파일</Filter>
    </ClCompile>
    <ClCompile Include="vender\ImGui\imgui_tables.cpp">
      <Filter>소스 파일</Filter>
    </ClCompile>
    <ClCompile Include="vender\ImGui\imgui_widgets.cpp">
      <Filter>소스 파일</Filter>
    </ClCompile>
    <ClCompile Include="source\Render\Render.cpp">
      <Filter>소스 파일</Filter>
    </ClCompile>
    <ClCompile Include="source\SDK\Classes\VisualEngine\VisualEngine.cpp">
      <Filter>소스 파일</Filter>
    </ClCompile>
    <ClCompile Include="source\SDK\Classes\DataModel\Player.cpp">
      <Filter>소스 파일</Filter>
    </ClCompile>
    <ClCompile Include="source\SDK\Classes\DataModel\ModelInstance.cpp">
      <Filter>소스 파일</Filter>
    </ClCompile>
    <ClCompile Include="source\SDK\Classes\World\Primtive.cpp">
      <Filter>소스 파일</Filter>
    </ClCompile>
  </ItemGroup>
  <ItemGroup>
    <ClInclude Include="source\driver\communication.h">
      <Filter>헤더 파일</Filter>
    </ClInclude>
    <ClInclude Include="source\global.h">
      <Filter>헤더 파일</Filter>
    </ClInclude>
    <ClInclude Include="source\SDK\Offset.h">
      <Filter>헤더 파일</Filter>
    </ClInclude>
    <ClInclude Include="source\SDK\Cache.h">
      <Filter>헤더 파일</Filter>
    </ClInclude>
    <ClInclude Include="source\SDK\Classes\instance.h">
      <Filter>헤더 파일</Filter>
    </ClInclude>
    <ClInclude Include="source\SDK\Classes\DataModel\DataModel.h">
      <Filter>헤더 파일</Filter>
    </ClInclude>
    <ClInclude Include="vender\ImGui\imconfig.h">
      <Filter>헤더 파일</Filter>
    </ClInclude>
    <ClInclude Include="vender\ImGui\imgui.h">
      <Filter>헤더 파일</Filter>
    </ClInclude>
    <ClInclude Include="vender\ImGui\imgui_impl_dx11.h">
      <Filter>헤더 파일</Filter>
    </ClInclude>
    <ClInclude Include="vender\ImGui\imgui_impl_win32.h">
      <Filter>헤더 파일</Filter>
    </ClInclude>
    <ClInclude Include="vender\ImGui\imgui_internal.h">
      <Filter>헤더 파일</Filter>
    </ClInclude>
    <ClInclude Include="vender\ImGui\imstb_rectpack.h">
      <Filter>헤더 파일</Filter>
    </ClInclude>
    <ClInclude Include="vender\ImGui\imstb_textedit.h">
      <Filter>헤더 파일</Filter>
    </ClInclude>
    <ClInclude Include="vender\ImGui\imstb_truetype.h">
      <Filter>헤더 파일</Filter>
    </ClInclude>
    <ClInclude Include="source\Render\Render.h">
      <Filter>헤더 파일</Filter>
    </ClInclude>
    <ClInclude Include="source\Cheats\Players.h">
      <Filter>헤더 파일</Filter>
    </ClInclude>
    <ClInclude Include="source\SDK\Classes\VisualEngine\VisualEngine.h">
      <Filter>헤더 파일</Filter>
    </ClInclude>
    <ClInclude Include="source\SDK\Classes\Math\Vector.h">
      <Filter>헤더 파일</Filter>
    </ClInclude>
    <ClInclude Include="source\SDK\Classes\Math\matrix.h">
      <Filter>헤더 파일</Filter>
    </ClInclude>
    <ClInclude Include="source\Cheats\Visuals.h">
      <Filter>헤더 파일</Filter>
    </ClInclude>
    <ClInclude Include="source\SDK\Classes\DataModel\Player.h">
      <Filter>헤더 파일</Filter>
    </ClInclude>
    <ClInclude Include="source\SDK\Classes\DataModel\ModelInstance.h">
      <Filter>헤더 파일</Filter>
    </ClInclude>
    <ClInclude Include="source\SDK\Classes\World\Primtive.h">
      <Filter>헤더 파일</Filter>
    </ClInclude>
    <ClInclude Include="source\SDK\Classes\AddressMananger.h">
      <Filter>헤더 파일</Filter>
    </ClInclude>
    <ClInclude Include="source\SharedMemoryManager.h">
      <Filter>헤더 파일</Filter>
    </ClInclude>
    <ClInclude Include="source\SharedData.h">
      <Filter>헤더 파일</Filter>
    </ClInclude>
    <ClInclude Include="source\Cheats\Misc.h">
      <Filter>헤더 파일</Filter>
    </ClInclude>
    <ClInclude Include="source\Cheats\RayCast.h">
      <Filter>헤더 파일</Filter>
    </ClInclude>
    <ClInclude Include="source\Cheats\Object.h">
      <Filter>헤더 파일</Filter>
    </ClInclude>
    <ClInclude Include="source\SDK\Classes\Math\CFrame.h">
      <Filter>헤더 파일</Filter>
    </ClInclude>
    <ClInclude Include="source\Cheats\Aimbot.h">
      <Filter>헤더 파일</Filter>
    </ClInclude>
  </ItemGroup>
</Project>